
Microsoft Visual Studio Solution File, Format Version 12.00
# Visual Studio Version 16
VisualStudioVersion = 16.0.31613.86
MinimumVisualStudioVersion = 10.0.40219.1
Project("{FAE04EC0-301F-11D3-BF4B-00C04F79EFBC}") = "Practica 7 Experiencias", "Practica 7 Experiencias.csproj", "{B4BFF692-4341-4FD8-B7E5-1D6F6DF6A8D9}"
EndProject
Global
	GlobalSection(SolutionConfigurationPlatforms) = preSolution
		Debug|Any CPU = Debug|Any CPU
		Release|Any CPU = Release|Any CPU
	EndGlobalSection
	GlobalSection(ProjectConfigurationPlatforms) = postSolution
		{B4BFF692-4341-4FD8-B7E5-1D6F6DF6A8D9}.Debug|Any CPU.ActiveCfg = Debug|Any CPU
		{B4BFF692-4341-4FD8-B7E5-1D6F6DF6A8D9}.Debug|Any CPU.Build.0 = Debug|Any CPU
		{B4BFF692-4341-4FD8-B7E5-1D6F6DF6A8D9}.Release|Any CPU.ActiveCfg = Release|Any CPU
		{B4BFF692-4341-4FD8-B7E5-1D6F6DF6A8D9}.Release|Any CPU.Build.0 = Release|Any CPU
	EndGlobalSection
	GlobalSection(SolutionProperties) = preSolution
		HideSolutionNode = FALSE
	EndGlobalSection
	GlobalSection(ExtensibilityGlobals) = postSolution
		SolutionGuid = {C6F19CD0-9298-42F3-BFEA-DAE2F5C6ABF8}
	EndGlobalSection
EndGlobal
